
Microsoft Visual Studio Solution File, Format Version 12.00
# Visual Studio Version 17
VisualStudioVersion = 17.10.35122.118
MinimumVisualStudioVersion = 10.0.40219.1
Project("{9A19103F-16F7-4668-BE54-9A1E7A4F7556}") = "lambda-crud", "lambda-crudoperation\lambda-crud.csproj", "{B565BC37-DFBB-456E-96DA-D8DDE8E516B6}"
EndProject
Project("{9A19103F-16F7-4668-BE54-9A1E7A4F7556}") = "Lambda-API-Annotations", "Lambda-API-Annotations\Lambda-API-Annotations.csproj", "{1B0AC836-1218-406D-B58F-1DE05DE0F21F}"
EndProject
Project("{9A19103F-16F7-4668-BE54-9A1E7A4F7556}") = "AWS-SQS-Lambda", "AWS-SQS-Lambda\AWS-SQS-Lambda.csproj", "{F60F2B5B-6512-4B32-9A33-8B096DEF9FD0}"
EndProject
Global
	GlobalSection(SolutionConfigurationPlatforms) = preSolution
		Debug|Any CPU = Debug|Any CPU
		Release|Any CPU = Release|Any CPU
	EndGlobalSection
	GlobalSection(ProjectConfigurationPlatforms) = postSolution
		{B565BC37-DFBB-456E-96DA-D8DDE8E516B6}.Debug|Any CPU.ActiveCfg = Debug|Any CPU
		{B565BC37-DFBB-456E-96DA-D8DDE8E516B6}.Debug|Any CPU.Build.0 = Debug|Any CPU
		{B565BC37-DFBB-456E-96DA-D8DDE8E516B6}.Release|Any CPU.ActiveCfg = Release|Any CPU
		{B565BC37-DFBB-456E-96DA-D8DDE8E516B6}.Release|Any CPU.Build.0 = Release|Any CPU
		{1B0AC836-1218-406D-B58F-1DE05DE0F21F}.Debug|Any CPU.ActiveCfg = Debug|Any CPU
		{1B0AC836-1218-406D-B58F-1DE05DE0F21F}.Debug|Any CPU.Build.0 = Debug|Any CPU
		{1B0AC836-1218-406D-B58F-1DE05DE0F21F}.Release|Any CPU.ActiveCfg = Release|Any CPU
		{1B0AC836-1218-406D-B58F-1DE05DE0F21F}.Release|Any CPU.Build.0 = Release|Any CPU
		{F60F2B5B-6512-4B32-9A33-8B096DEF9FD0}.Debug|Any CPU.ActiveCfg = Debug|Any CPU
		{F60F2B5B-6512-4B32-9A33-8B096DEF9FD0}.Debug|Any CPU.Build.0 = Debug|Any CPU
		{F60F2B5B-6512-4B32-9A33-8B096DEF9FD0}.Release|Any CPU.ActiveCfg = Release|Any CPU
		{F60F2B5B-6512-4B32-9A33-8B096DEF9FD0}.Release|Any CPU.Build.0 = Release|Any CPU
	EndGlobalSection
	GlobalSection(SolutionProperties) = preSolution
		HideSolutionNode = FALSE
	EndGlobalSection
	GlobalSection(ExtensibilityGlobals) = postSolution
		SolutionGuid = {D3C5488F-4B2F-462E-BC4A-430BA5903B6A}
	EndGlobalSection
EndGlobal
